Microsoft Visual Studio Solution File, Format Version 11.00
# Visual Studio 2008

Project("{993286D9-D2C7-0D90-17AE-BF0DFAF0AB5D}") = "3dmotive-AdvancedC-ForUnity-Source-01", "Assembly-CSharp-firstpass.csproj", "{3F7DDA5C-7203-0A5A-C667-0487184A1140}"
EndProject
Project("{993286D9-D2C7-0D90-17AE-BF0DFAF0AB5D}") = "3dmotive-AdvancedC-ForUnity-Source-01", "Assembly-CSharp.csproj", "{C202FA69-45FD-5AD1-092D-4BE74D502D3A}"
EndProject
Project("{993286D9-D2C7-0D90-17AE-BF0DFAF0AB5D}") = "3dmotive-AdvancedC-ForUnity-Source-01", "Assembly-CSharp-Editor.csproj", "{9CE286DF-F3D1-E18F-EB84-548C5A51A303}"
EndProject
Global
	GlobalSection(SolutionConfigurationPlatforms) = preSolution
		Debug|Any CPU = Debug|Any CPU
		Release|Any CPU = Release|Any CPU
	EndGlobalSection
	GlobalSection(ProjectConfigurationPlatforms) = postSolution
		{3F7DDA5C-7203-0A5A-C667-0487184A1140}.Debug|Any CPU.ActiveCfg = Debug|Any CPU
		{3F7DDA5C-7203-0A5A-C667-0487184A1140}.Debug|Any CPU.Build.0 = Debug|Any CPU
		{3F7DDA5C-7203-0A5A-C667-0487184A1140}.Release|Any CPU.ActiveCfg = Release|Any CPU
		{3F7DDA5C-7203-0A5A-C667-0487184A1140}.Release|Any CPU.Build.0 = Release|Any CPU
		{C202FA69-45FD-5AD1-092D-4BE74D502D3A}.Debug|Any CPU.ActiveCfg = Debug|Any CPU
		{C202FA69-45FD-5AD1-092D-4BE74D502D3A}.Debug|Any CPU.Build.0 = Debug|Any CPU
		{C202FA69-45FD-5AD1-092D-4BE74D502D3A}.Release|Any CPU.ActiveCfg = Release|Any CPU
		{C202FA69-45FD-5AD1-092D-4BE74D502D3A}.Release|Any CPU.Build.0 = Release|Any CPU
		{9CE286DF-F3D1-E18F-EB84-548C5A51A303}.Debug|Any CPU.ActiveCfg = Debug|Any CPU
		{9CE286DF-F3D1-E18F-EB84-548C5A51A303}.Debug|Any CPU.Build.0 = Debug|Any CPU
		{9CE286DF-F3D1-E18F-EB84-548C5A51A303}.Release|Any CPU.ActiveCfg = Release|Any CPU
		{9CE286DF-F3D1-E18F-EB84-548C5A51A303}.Release|Any CPU.Build.0 = Release|Any CPU
	EndGlobalSection
	GlobalSection(SolutionProperties) = preSolution
		HideSolutionNode = FALSE
	EndGlobalSection
	GlobalSection(MonoDevelopProperties) = preSolution
		StartupItem = Assembly-CSharp.csproj
	EndGlobalSection
EndGlobal
